
Microsoft Visual Studio Solution File, Format Version 12.00
# Visual Studio 2012
Project("{FAE04EC0-301F-11D3-BF4B-00C04F79EFBC}") = "Autolithium.core", "Autolithium.core\Autolithium.core.csproj", "{6FFE8048-3F6B-47E5-834B-23DF43713E1B}"
EndProject
Project("{FAE04EC0-301F-11D3-BF4B-00C04F79EFBC}") = "Autolithium.compiler", "Autolithium.compiler\Autolithium.compiler.csproj", "{9EFCBC67-EF50-47D8-847B-7FDA842AFCF4}"
EndProject
Project("{FAE04EC0-301F-11D3-BF4B-00C04F79EFBC}") = "Autolithium.ion", "Autolithium.ion\Autolithium.ion.csproj", "{39E08B52-0B1D-45E9-97B6-DE4A727CF280}"
EndProject
Project("{911E67C6-3D85-4FCE-B560-20A9C3E3FF48}") = "dyn", "Autolithium.compiler\bin\Debug\dyn.exe", "{14F48E5A-75E9-4044-8596-F2F19936356B}"
	ProjectSection(DebuggerProjectSystem) = preProject
		PortSupplier = 00000000-0000-0000-0000-000000000000
		Executable = C:\Users\nem-e_000\Documents\Visual Studio 2012\Projects\Autolithium.core\Autolithium.compiler\bin\Debug\dyn.exe
		RemoteMachine = ALEXANDRE-PC
		StartingDirectory = C:\Users\nem-e_000\Documents\Visual Studio 2012\Projects\Autolithium.core\Autolithium.compiler\bin\Debug
		Environment = Par défaut
		LaunchingEngine = 00000000-0000-0000-0000-000000000000
		LaunchSQLEngine = No
		AttachLaunchAction = No
	EndProjectSection
EndProject
Global
	GlobalSection(SolutionConfigurationPlatforms) = preSolution
		Debug|Any CPU = Debug|Any CPU
		Debug|Mixed Platforms = Debug|Mixed Platforms
		Debug|x86 = Debug|x86
		Release|Any CPU = Release|Any CPU
		Release|Mixed Platforms = Release|Mixed Platforms
		Release|x86 = Release|x86
	EndGlobalSection
	GlobalSection(ProjectConfigurationPlatforms) = postSolution
		{6FFE8048-3F6B-47E5-834B-23DF43713E1B}.Debug|Any CPU.ActiveCfg = Debug|Any CPU
		{6FFE8048-3F6B-47E5-834B-23DF43713E1B}.Debug|Any CPU.Build.0 = Debug|Any CPU
		{6FFE8048-3F6B-47E5-834B-23DF43713E1B}.Debug|Mixed Platforms.ActiveCfg = Debug|Any CPU
		{6FFE8048-3F6B-47E5-834B-23DF43713E1B}.Debug|Mixed Platforms.Build.0 = Debug|Any CPU
		{6FFE8048-3F6B-47E5-834B-23DF43713E1B}.Debug|x86.ActiveCfg = Debug|Any CPU
		{6FFE8048-3F6B-47E5-834B-23DF43713E1B}.Release|Any CPU.ActiveCfg = Release|Any CPU
		{6FFE8048-3F6B-47E5-834B-23DF43713E1B}.Release|Any CPU.Build.0 = Release|Any CPU
		{6FFE8048-3F6B-47E5-834B-23DF43713E1B}.Release|Mixed Platforms.ActiveCfg = Release|Any CPU
		{6FFE8048-3F6B-47E5-834B-23DF43713E1B}.Release|Mixed Platforms.Build.0 = Release|Any CPU
		{6FFE8048-3F6B-47E5-834B-23DF43713E1B}.Release|x86.ActiveCfg = Release|Any CPU
		{9EFCBC67-EF50-47D8-847B-7FDA842AFCF4}.Debug|Any CPU.ActiveCfg = Debug|Any CPU
		{9EFCBC67-EF50-47D8-847B-7FDA842AFCF4}.Debug|Any CPU.Build.0 = Debug|Any CPU
		{9EFCBC67-EF50-47D8-847B-7FDA842AFCF4}.Debug|Mixed Platforms.ActiveCfg = Debug|Any CPU
		{9EFCBC67-EF50-47D8-847B-7FDA842AFCF4}.Debug|Mixed Platforms.Build.0 = Debug|Any CPU
		{9EFCBC67-EF50-47D8-847B-7FDA842AFCF4}.Debug|x86.ActiveCfg = Debug|Any CPU
		{9EFCBC67-EF50-47D8-847B-7FDA842AFCF4}.Release|Any CPU.ActiveCfg = Release|Any CPU
		{9EFCBC67-EF50-47D8-847B-7FDA842AFCF4}.Release|Any CPU.Build.0 = Release|Any CPU
		{9EFCBC67-EF50-47D8-847B-7FDA842AFCF4}.Release|Mixed Platforms.ActiveCfg = Release|Any CPU
		{9EFCBC67-EF50-47D8-847B-7FDA842AFCF4}.Release|Mixed Platforms.Build.0 = Release|Any CPU
		{9EFCBC67-EF50-47D8-847B-7FDA842AFCF4}.Release|x86.ActiveCfg = Release|Any CPU
		{39E08B52-0B1D-45E9-97B6-DE4A727CF280}.Debug|Any CPU.ActiveCfg = Debug|Any CPU
		{39E08B52-0B1D-45E9-97B6-DE4A727CF280}.Debug|Any CPU.Build.0 = Debug|Any CPU
		{39E08B52-0B1D-45E9-97B6-DE4A727CF280}.Debug|Mixed Platforms.ActiveCfg = Debug|Any CPU
		{39E08B52-0B1D-45E9-97B6-DE4A727CF280}.Debug|Mixed Platforms.Build.0 = Debug|Any CPU
		{39E08B52-0B1D-45E9-97B6-DE4A727CF280}.Debug|x86.ActiveCfg = Debug|Any CPU
		{39E08B52-0B1D-45E9-97B6-DE4A727CF280}.Release|Any CPU.ActiveCfg = Release|Any CPU
		{39E08B52-0B1D-45E9-97B6-DE4A727CF280}.Release|Any CPU.Build.0 = Release|Any CPU
		{39E08B52-0B1D-45E9-97B6-DE4A727CF280}.Release|Mixed Platforms.ActiveCfg = Release|Any CPU
		{39E08B52-0B1D-45E9-97B6-DE4A727CF280}.Release|Mixed Platforms.Build.0 = Release|Any CPU
		{39E08B52-0B1D-45E9-97B6-DE4A727CF280}.Release|x86.ActiveCfg = Release|Any CPU
		{14F48E5A-75E9-4044-8596-F2F19936356B}.Debug|Any CPU.ActiveCfg = Debug|Any CPU
		{14F48E5A-75E9-4044-8596-F2F19936356B}.Debug|Mixed Platforms.ActiveCfg = Debug|Any CPU
		{14F48E5A-75E9-4044-8596-F2F19936356B}.Debug|x86.ActiveCfg = Debug|Any CPU
		{14F48E5A-75E9-4044-8596-F2F19936356B}.Release|Any CPU.ActiveCfg = Debug|Any CPU
		{14F48E5A-75E9-4044-8596-F2F19936356B}.Release|Mixed Platforms.ActiveCfg = Debug|Any CPU
		{14F48E5A-75E9-4044-8596-F2F19936356B}.Release|x86.ActiveCfg = Debug|Any CPU
	EndGlobalSection
	GlobalSection(SolutionProperties) = preSolution
		HideSolutionNode = FALSE
	EndGlobalSection
EndGlobal
